
Microsoft Visual Studio Solution File, Format Version 12.00
# Visual Studio Version 17
VisualStudioVersion = 17.4.33122.133
MinimumVisualStudioVersion = 10.0.40219.1
Project("{9A19103F-16F7-4668-BE54-9A1E7A4F7556}") = "Avm.Api", "Avm.Api\Avm.Api.csproj", "{A77A20E1-45EB-4BCF-B69E-E6DEA573A322}"
EndProject
Project("{2150E333-8FDC-42A3-9474-1A3956D46DE8}") = "Solution Items", "Solution Items", "{693D716E-347E-4B8B-8A7B-C1C2681F1ECB}"
	ProjectSection(SolutionItems) = preProject
		global.json = global.json
	EndProjectSection
EndProject
Global
	GlobalSection(SolutionConfigurationPlatforms) = preSolution
		Debug|Any CPU = Debug|Any CPU
		Release|Any CPU = Release|Any CPU
	EndGlobalSection
	GlobalSection(ProjectConfigurationPlatforms) = postSolution
		{A77A20E1-45EB-4BCF-B69E-E6DEA573A322}.Debug|Any CPU.ActiveCfg = Debug|Any CPU
		{A77A20E1-45EB-4BCF-B69E-E6DEA573A322}.Debug|Any CPU.Build.0 = Debug|Any CPU
		{A77A20E1-45EB-4BCF-B69E-E6DEA573A322}.Release|Any CPU.ActiveCfg = Release|Any CPU
		{A77A20E1-45EB-4BCF-B69E-E6DEA573A322}.Release|Any CPU.Build.0 = Release|Any CPU
	EndGlobalSection
	GlobalSection(SolutionProperties) = preSolution
		HideSolutionNode = FALSE
	EndGlobalSection
	GlobalSection(ExtensibilityGlobals) = postSolution
		SolutionGuid = {42509067-0493-41B6-9F14-33DDDEC8B30D}
	EndGlobalSection
EndGlobal
